
Microsoft Visual Studio Solution File, Format Version 12.00
# Visual Studio Version 17
VisualStudioVersion = 17.0.31903.59
MinimumVisualStudioVersion = 10.0.40219.1
Project("{2150E333-8FDC-42A3-9474-1A3956D46DE8}") = "src", "src", "{827E0CD3-B72D-47B6-A68D-7590B98EB39B}"
EndProject
Project("{FAE04EC0-301F-11D3-BF4B-00C04F79EFBC}") = "OrderFlow.Domain", "src\OrderFlow.Domain\OrderFlow.Domain.csproj", "{41E6BDFE-E891-4EBC-B4CE-F8A57BF56230}"
EndProject
Project("{FAE04EC0-301F-11D3-BF4B-00C04F79EFBC}") = "OrderFlow.Application", "src\OrderFlow.Application\OrderFlow.Application.csproj", "{CE276E4F-0FCA-42F6-8C78-3DB44D96A091}"
EndProject
Project("{FAE04EC0-301F-11D3-BF4B-00C04F79EFBC}") = "OrderFlow.Infrastructure", "src\OrderFlow.Infrastructure\OrderFlow.Infrastructure.csproj", "{7BF5352F-2EFA-42D7-AB6D-E10DB9D2EA6E}"
EndProject
Project("{FAE04EC0-301F-11D3-BF4B-00C04F79EFBC}") = "OrderFlow.Api", "src\OrderFlow.Api\OrderFlow.Api.csproj", "{5E9D7763-CCFE-43B3-B8B9-C62D5F639CC6}"
EndProject
Project("{2150E333-8FDC-42A3-9474-1A3956D46DE8}") = "tests", "tests", "{0AB3BF05-4346-4AA6-1389-037BE0695223}"
EndProject
Project("{FAE04EC0-301F-11D3-BF4B-00C04F79EFBC}") = "OrderFlow.UnitTests", "tests\OrderFlow.UnitTests\OrderFlow.UnitTests.csproj", "{4E95C77C-C925-4C84-BBE0-4A2EF2D4A771}"
EndProject
Project("{FAE04EC0-301F-11D3-BF4B-00C04F79EFBC}") = "OrderFlow.IntegrationTests", "tests\OrderFlow.IntegrationTests\OrderFlow.IntegrationTests.csproj", "{B5521BC7-9879-4CE6-9D00-80EF34B28328}"
EndProject
Project("{2150E333-8FDC-42A3-9474-1A3956D46DE8}") = "TutorialSnapshots", "TutorialSnapshots", "{073571B1-EACE-2B3A-44BF-01CD494DA2C8}"
EndProject
Project("{FAE04EC0-301F-11D3-BF4B-00C04F79EFBC}") = "OrderFlow.Console", "tutorial-snapshots\01-console\OrderFlow.Console.csproj", "{E627E9CD-15BC-482D-9953-A8470CDA5ACD}"
EndProject
Project("{FAE04EC0-301F-11D3-BF4B-00C04F79EFBC}") = "OrderFlow.Stage02", "tutorial-snapshots\02-domain-linq\OrderFlow.Stage02.csproj", "{0FAE650B-7FE5-4FE3-B220-35A48C553C92}"
EndProject
Project("{FAE04EC0-301F-11D3-BF4B-00C04F79EFBC}") = "OrderFlow.Stage03", "tutorial-snapshots\03-async-service\OrderFlow.Stage03.csproj", "{EB2FCB72-EC56-43A8-945C-6DDEDABA1B2B}"
EndProject
Global
	GlobalSection(SolutionConfigurationPlatforms) = preSolution
		Debug|Any CPU = Debug|Any CPU
		Debug|x64 = Debug|x64
		Debug|x86 = Debug|x86
		Release|Any CPU = Release|Any CPU
		Release|x64 = Release|x64
		Release|x86 = Release|x86
	EndGlobalSection
	GlobalSection(ProjectConfigurationPlatforms) = postSolution
		{41E6BDFE-E891-4EBC-B4CE-F8A57BF56230}.Debug|Any CPU.ActiveCfg = Debug|Any CPU
		{41E6BDFE-E891-4EBC-B4CE-F8A57BF56230}.Debug|Any CPU.Build.0 = Debug|Any CPU
		{41E6BDFE-E891-4EBC-B4CE-F8A57BF56230}.Debug|x64.ActiveCfg = Debug|Any CPU
		{41E6BDFE-E891-4EBC-B4CE-F8A57BF56230}.Debug|x64.Build.0 = Debug|Any CPU
		{41E6BDFE-E891-4EBC-B4CE-F8A57BF56230}.Debug|x86.ActiveCfg = Debug|Any CPU
		{41E6BDFE-E891-4EBC-B4CE-F8A57BF56230}.Debug|x86.Build.0 = Debug|Any CPU
		{41E6BDFE-E891-4EBC-B4CE-F8A57BF56230}.Release|Any CPU.ActiveCfg = Release|Any CPU
		{41E6BDFE-E891-4EBC-B4CE-F8A57BF56230}.Release|Any CPU.Build.0 = Release|Any CPU
		{41E6BDFE-E891-4EBC-B4CE-F8A57BF56230}.Release|x64.ActiveCfg = Release|Any CPU
		{41E6BDFE-E891-4EBC-B4CE-F8A57BF56230}.Release|x64.Build.0 = Release|Any CPU
		{41E6BDFE-E891-4EBC-B4CE-F8A57BF56230}.Release|x86.ActiveCfg = Release|Any CPU
		{41E6BDFE-E891-4EBC-B4CE-F8A57BF56230}.Release|x86.Build.0 = Release|Any CPU
		{CE276E4F-0FCA-42F6-8C78-3DB44D96A091}.Debug|Any CPU.ActiveCfg = Debug|Any CPU
		{CE276E4F-0FCA-42F6-8C78-3DB44D96A091}.Debug|Any CPU.Build.0 = Debug|Any CPU
		{CE276E4F-0FCA-42F6-8C78-3DB44D96A091}.Debug|x64.ActiveCfg = Debug|Any CPU
		{CE276E4F-0FCA-42F6-8C78-3DB44D96A091}.Debug|x64.Build.0 = Debug|Any CPU
		{CE276E4F-0FCA-42F6-8C78-3DB44D96A091}.Debug|x86.ActiveCfg = Debug|Any CPU
		{CE276E4F-0FCA-42F6-8C78-3DB44D96A091}.Debug|x86.Build.0 = Debug|Any CPU
		{CE276E4F-0FCA-42F6-8C78-3DB44D96A091}.Release|Any CPU.ActiveCfg = Release|Any CPU
		{CE276E4F-0FCA-42F6-8C78-3DB44D96A091}.Release|Any CPU.Build.0 = Release|Any CPU
		{CE276E4F-0FCA-42F6-8C78-3DB44D96A091}.Release|x64.ActiveCfg = Release|Any CPU
		{CE276E4F-0FCA-42F6-8C78-3DB44D96A091}.Release|x64.Build.0 = Release|Any CPU
		{CE276E4F-0FCA-42F6-8C78-3DB44D96A091}.Release|x86.ActiveCfg = Release|Any CPU
		{CE276E4F-0FCA-42F6-8C78-3DB44D96A091}.Release|x86.Build.0 = Release|Any CPU
		{7BF5352F-2EFA-42D7-AB6D-E10DB9D2EA6E}.Debug|Any CPU.ActiveCfg = Debug|Any CPU
		{7BF5352F-2EFA-42D7-AB6D-E10DB9D2EA6E}.Debug|Any CPU.Build.0 = Debug|Any CPU
		{7BF5352F-2EFA-42D7-AB6D-E10DB9D2EA6E}.Debug|x64.ActiveCfg = Debug|Any CPU
		{7BF5352F-2EFA-42D7-AB6D-E10DB9D2EA6E}.Debug|x64.Build.0 = Debug|Any CPU
		{7BF5352F-2EFA-42D7-AB6D-E10DB9D2EA6E}.Debug|x86.ActiveCfg = Debug|Any CPU
		{7BF5352F-2EFA-42D7-AB6D-E10DB9D2EA6E}.Debug|x86.Build.0 = Debug|Any CPU
		{7BF5352F-2EFA-42D7-AB6D-E10DB9D2EA6E}.Release|Any CPU.ActiveCfg = Release|Any CPU
		{7BF5352F-2EFA-42D7-AB6D-E10DB9D2EA6E}.Release|Any CPU.Build.0 = Release|Any CPU
		{7BF5352F-2EFA-42D7-AB6D-E10DB9D2EA6E}.Release|x64.ActiveCfg = Release|Any CPU
		{7BF5352F-2EFA-42D7-AB6D-E10DB9D2EA6E}.Release|x64.Build.0 = Release|Any CPU
		{7BF5352F-2EFA-42D7-AB6D-E10DB9D2EA6E}.Release|x86.ActiveCfg = Release|Any CPU
		{7BF5352F-2EFA-42D7-AB6D-E10DB9D2EA6E}.Release|x86.Build.0 = Release|Any CPU
		{5E9D7763-CCFE-43B3-B8B9-C62D5F639CC6}.Debug|Any CPU.ActiveCfg = Debug|Any CPU
		{5E9D7763-CCFE-43B3-B8B9-C62D5F639CC6}.Debug|Any CPU.Build.0 = Debug|Any CPU
		{5E9D7763-CCFE-43B3-B8B9-C62D5F639CC6}.Debug|x64.ActiveCfg = Debug|Any CPU
		{5E9D7763-CCFE-43B3-B8B9-C62D5F639CC6}.Debug|x64.Build.0 = Debug|Any CPU
		{5E9D7763-CCFE-43B3-B8B9-C62D5F639CC6}.Debug|x86.ActiveCfg = Debug|Any CPU
		{5E9D7763-CCFE-43B3-B8B9-C62D5F639CC6}.Debug|x86.Build.0 = Debug|Any CPU
		{5E9D7763-CCFE-43B3-B8B9-C62D5F639CC6}.Release|Any CPU.ActiveCfg = Release|Any CPU
		{5E9D7763-CCFE-43B3-B8B9-C62D5F639CC6}.Release|Any CPU.Build.0 = Release|Any CPU
		{5E9D7763-CCFE-43B3-B8B9-C62D5F639CC6}.Release|x64.ActiveCfg = Release|Any CPU
		{5E9D7763-CCFE-43B3-B8B9-C62D5F639CC6}.Release|x64.Build.0 = Release|Any CPU
		{5E9D7763-CCFE-43B3-B8B9-C62D5F639CC6}.Release|x86.ActiveCfg = Release|Any CPU
		{5E9D7763-CCFE-43B3-B8B9-C62D5F639CC6}.Release|x86.Build.0 = Release|Any CPU
		{4E95C77C-C925-4C84-BBE0-4A2EF2D4A771}.Debug|Any CPU.ActiveCfg = Debug|Any CPU
		{4E95C77C-C925-4C84-BBE0-4A2EF2D4A771}.Debug|Any CPU.Build.0 = Debug|Any CPU
		{4E95C77C-C925-4C84-BBE0-4A2EF2D4A771}.Debug|x64.ActiveCfg = Debug|Any CPU
		{4E95C77C-C925-4C84-BBE0-4A2EF2D4A771}.Debug|x64.Build.0 = Debug|Any CPU
		{4E95C77C-C925-4C84-BBE0-4A2EF2D4A771}.Debug|x86.ActiveCfg = Debug|Any CPU
		{4E95C77C-C925-4C84-BBE0-4A2EF2D4A771}.Debug|x86.Build.0 = Debug|Any CPU
		{4E95C77C-C925-4C84-BBE0-4A2EF2D4A771}.Release|Any CPU.ActiveCfg = Release|Any CPU
		{4E95C77C-C925-4C84-BBE0-4A2EF2D4A771}.Release|Any CPU.Build.0 = Release|Any CPU
		{4E95C77C-C925-4C84-BBE0-4A2EF2D4A771}.Release|x64.ActiveCfg = Release|Any CPU
		{4E95C77C-C925-4C84-BBE0-4A2EF2D4A771}.Release|x64.Build.0 = Release|Any CPU
		{4E95C77C-C925-4C84-BBE0-4A2EF2D4A771}.Release|x86.ActiveCfg = Release|Any CPU
		{4E95C77C-C925-4C84-BBE0-4A2EF2D4A771}.Release|x86.Build.0 = Release|Any CPU
		{B5521BC7-9879-4CE6-9D00-80EF34B28328}.Debug|Any CPU.ActiveCfg = Debug|Any CPU
		{B5521BC7-9879-4CE6-9D00-80EF34B28328}.Debug|Any CPU.Build.0 = Debug|Any CPU
		{B5521BC7-9879-4CE6-9D00-80EF34B28328}.Debug|x64.ActiveCfg = Debug|Any CPU
		{B5521BC7-9879-4CE6-9D00-80EF34B28328}.Debug|x64.Build.0 = Debug|Any CPU
		{B5521BC7-9879-4CE6-9D00-80EF34B28328}.Debug|x86.ActiveCfg = Debug|Any CPU
		{B5521BC7-9879-4CE6-9D00-80EF34B28328}.Debug|x86.Build.0 = Debug|Any CPU
		{B5521BC7-9879-4CE6-9D00-80EF34B28328}.Release|Any CPU.ActiveCfg = Release|Any CPU
		{B5521BC7-9879-4CE6-9D00-80EF34B28328}.Release|Any CPU.Build.0 = Release|Any CPU
		{B5521BC7-9879-4CE6-9D00-80EF34B28328}.Release|x64.ActiveCfg = Release|Any CPU
		{B5521BC7-9879-4CE6-9D00-80EF34B28328}.Release|x64.Build.0 = Release|Any CPU
		{B5521BC7-9879-4CE6-9D00-80EF34B28328}.Release|x86.ActiveCfg = Release|Any CPU
		{B5521BC7-9879-4CE6-9D00-80EF34B28328}.Release|x86.Build.0 = Release|Any CPU
		{E627E9CD-15BC-482D-9953-A8470CDA5ACD}.Debug|Any CPU.ActiveCfg = Debug|Any CPU
		{E627E9CD-15BC-482D-9953-A8470CDA5ACD}.Debug|Any CPU.Build.0 = Debug|Any CPU
		{E627E9CD-15BC-482D-9953-A8470CDA5ACD}.Debug|x64.ActiveCfg = Debug|Any CPU
		{E627E9CD-15BC-482D-9953-A8470CDA5ACD}.Debug|x64.Build.0 = Debug|Any CPU
		{E627E9CD-15BC-482D-9953-A8470CDA5ACD}.Debug|x86.ActiveCfg = Debug|Any CPU
		{E627E9CD-15BC-482D-9953-A8470CDA5ACD}.Debug|x86.Build.0 = Debug|Any CPU
		{E627E9CD-15BC-482D-9953-A8470CDA5ACD}.Release|Any CPU.ActiveCfg = Release|Any CPU
		{E627E9CD-15BC-482D-9953-A8470CDA5ACD}.Release|Any CPU.Build.0 = Release|Any CPU
		{E627E9CD-15BC-482D-9953-A8470CDA5ACD}.Release|x64.ActiveCfg = Release|Any CPU
		{E627E9CD-15BC-482D-9953-A8470CDA5ACD}.Release|x64.Build.0 = Release|Any CPU
		{E627E9CD-15BC-482D-9953-A8470CDA5ACD}.Release|x86.ActiveCfg = Release|Any CPU
		{E627E9CD-15BC-482D-9953-A8470CDA5ACD}.Release|x86.Build.0 = Release|Any CPU
		{0FAE650B-7FE5-4FE3-B220-35A48C553C92}.Debug|Any CPU.ActiveCfg = Debug|Any CPU
		{0FAE650B-7FE5-4FE3-B220-35A48C553C92}.Debug|Any CPU.Build.0 = Debug|Any CPU
		{0FAE650B-7FE5-4FE3-B220-35A48C553C92}.Debug|x64.ActiveCfg = Debug|Any CPU
		{0FAE650B-7FE5-4FE3-B220-35A48C553C92}.Debug|x64.Build.0 = Debug|Any CPU
		{0FAE650B-7FE5-4FE3-B220-35A48C553C92}.Debug|x86.ActiveCfg = Debug|Any CPU
		{0FAE650B-7FE5-4FE3-B220-35A48C553C92}.Debug|x86.Build.0 = Debug|Any CPU
		{0FAE650B-7FE5-4FE3-B220-35A48C553C92}.Release|Any CPU.ActiveCfg = Release|Any CPU
		{0FAE650B-7FE5-4FE3-B220-35A48C553C92}.Release|Any CPU.Build.0 = Release|Any CPU
		{0FAE650B-7FE5-4FE3-B220-35A48C553C92}.Release|x64.ActiveCfg = Release|Any CPU
		{0FAE650B-7FE5-4FE3-B220-35A48C553C92}.Release|x64.Build.0 = Release|Any CPU
		{0FAE650B-7FE5-4FE3-B220-35A48C553C92}.Release|x86.ActiveCfg = Release|Any CPU
		{0FAE650B-7FE5-4FE3-B220-35A48C553C92}.Release|x86.Build.0 = Release|Any CPU
		{EB2FCB72-EC56-43A8-945C-6DDEDABA1B2B}.Debug|Any CPU.ActiveCfg = Debug|Any CPU
		{EB2FCB72-EC56-43A8-945C-6DDEDABA1B2B}.Debug|Any CPU.Build.0 = Debug|Any CPU
		{EB2FCB72-EC56-43A8-945C-6DDEDABA1B2B}.Debug|x64.ActiveCfg = Debug|Any CPU
		{EB2FCB72-EC56-43A8-945C-6DDEDABA1B2B}.Debug|x64.Build.0 = Debug|Any CPU
		{EB2FCB72-EC56-43A8-945C-6DDEDABA1B2B}.Debug|x86.ActiveCfg = Debug|Any CPU
		{EB2FCB72-EC56-43A8-945C-6DDEDABA1B2B}.Debug|x86.Build.0 = Debug|Any CPU
		{EB2FCB72-EC56-43A8-945C-6DDEDABA1B2B}.Release|Any CPU.ActiveCfg = Release|Any CPU
		{EB2FCB72-EC56-43A8-945C-6DDEDABA1B2B}.Release|Any CPU.Build.0 = Release|Any CPU
		{EB2FCB72-EC56-43A8-945C-6DDEDABA1B2B}.Release|x64.ActiveCfg = Release|Any CPU
		{EB2FCB72-EC56-43A8-945C-6DDEDABA1B2B}.Release|x64.Build.0 = Release|Any CPU
		{EB2FCB72-EC56-43A8-945C-6DDEDABA1B2B}.Release|x86.ActiveCfg = Release|Any CPU
		{EB2FCB72-EC56-43A8-945C-6DDEDABA1B2B}.Release|x86.Build.0 = Release|Any CPU
	EndGlobalSection
	GlobalSection(SolutionProperties) = preSolution
		HideSolutionNode = FALSE
	EndGlobalSection
	GlobalSection(NestedProjects) = preSolution
		{41E6BDFE-E891-4EBC-B4CE-F8A57BF56230} = {827E0CD3-B72D-47B6-A68D-7590B98EB39B}
		{CE276E4F-0FCA-42F6-8C78-3DB44D96A091} = {827E0CD3-B72D-47B6-A68D-7590B98EB39B}
		{7BF5352F-2EFA-42D7-AB6D-E10DB9D2EA6E} = {827E0CD3-B72D-47B6-A68D-7590B98EB39B}
		{5E9D7763-CCFE-43B3-B8B9-C62D5F639CC6} = {827E0CD3-B72D-47B6-A68D-7590B98EB39B}
		{4E95C77C-C925-4C84-BBE0-4A2EF2D4A771} = {0AB3BF05-4346-4AA6-1389-037BE0695223}
		{B5521BC7-9879-4CE6-9D00-80EF34B28328} = {0AB3BF05-4346-4AA6-1389-037BE0695223}
		{E627E9CD-15BC-482D-9953-A8470CDA5ACD} = {073571B1-EACE-2B3A-44BF-01CD494DA2C8}
		{0FAE650B-7FE5-4FE3-B220-35A48C553C92} = {073571B1-EACE-2B3A-44BF-01CD494DA2C8}
		{EB2FCB72-EC56-43A8-945C-6DDEDABA1B2B} = {073571B1-EACE-2B3A-44BF-01CD494DA2C8}
	EndGlobalSection
EndGlobal
